
Microsoft Visual Studio Solution File, Format Version 12.00
# Visual Studio Version 16
VisualStudioVersion = 16.0.29920.165
MinimumVisualStudioVersion = 10.0.40219.1
Project("{9A19103F-16F7-4668-BE54-9A1E7A4F7556}") = "ProjetHalonot", "ProjetHalonot\ProjetHalonot.csproj", "{5D81D430-036B-4A32-B5E8-8D527CC52ED1}"
EndProject
Project("{FAE04EC0-301F-11D3-BF4B-00C04F79EFBC}") = "FrameworkTest", "FrameworkTest\FrameworkTest.csproj", "{EA1E9319-B925-4974-B3D8-6E9E48303A54}"
EndProject
Project("{FAE04EC0-301F-11D3-BF4B-00C04F79EFBC}") = "DAL", "DAL\DAL.csproj", "{5BD6D5F7-7B43-4408-A476-78C0810DBA7E}"
EndProject
Project("{FAE04EC0-301F-11D3-BF4B-00C04F79EFBC}") = "BE", "BE\BE.csproj", "{572A7A10-0E1E-4B73-8CE2-76DCE8CE7F86}"
EndProject
Project("{FAE04EC0-301F-11D3-BF4B-00C04F79EFBC}") = "BL", "BL\BL.csproj", "{6E7BF730-F09D-4204-AE96-847297168590}"
EndProject
Project("{FAE04EC0-301F-11D3-BF4B-00C04F79EFBC}") = "WPFHalonotTrue", "WPFHalonotTrue\WPFHalonotTrue.csproj", "{F0447F2A-2031-49AE-8427-7FCEFEC2D04B}"
EndProject
Global
	GlobalSection(SolutionConfigurationPlatforms) = preSolution
		Debug|Any CPU = Debug|Any CPU
		Release|Any CPU = Release|Any CPU
	EndGlobalSection
	GlobalSection(ProjectConfigurationPlatforms) = postSolution
		{5D81D430-036B-4A32-B5E8-8D527CC52ED1}.Debug|Any CPU.ActiveCfg = Debug|Any CPU
		{5D81D430-036B-4A32-B5E8-8D527CC52ED1}.Debug|Any CPU.Build.0 = Debug|Any CPU
		{5D81D430-036B-4A32-B5E8-8D527CC52ED1}.Release|Any CPU.ActiveCfg = Release|Any CPU
		{5D81D430-036B-4A32-B5E8-8D527CC52ED1}.Release|Any CPU.Build.0 = Release|Any CPU
		{EA1E9319-B925-4974-B3D8-6E9E48303A54}.Debug|Any CPU.ActiveCfg = Debug|Any CPU
		{EA1E9319-B925-4974-B3D8-6E9E48303A54}.Debug|Any CPU.Build.0 = Debug|Any CPU
		{EA1E9319-B925-4974-B3D8-6E9E48303A54}.Release|Any CPU.ActiveCfg = Release|Any CPU
		{EA1E9319-B925-4974-B3D8-6E9E48303A54}.Release|Any CPU.Build.0 = Release|Any CPU
		{5BD6D5F7-7B43-4408-A476-78C0810DBA7E}.Debug|Any CPU.ActiveCfg = Debug|Any CPU
		{5BD6D5F7-7B43-4408-A476-78C0810DBA7E}.Debug|Any CPU.Build.0 = Debug|Any CPU
		{5BD6D5F7-7B43-4408-A476-78C0810DBA7E}.Release|Any CPU.ActiveCfg = Release|Any CPU
		{5BD6D5F7-7B43-4408-A476-78C0810DBA7E}.Release|Any CPU.Build.0 = Release|Any CPU
		{572A7A10-0E1E-4B73-8CE2-76DCE8CE7F86}.Debug|Any CPU.ActiveCfg = Debug|Any CPU
		{572A7A10-0E1E-4B73-8CE2-76DCE8CE7F86}.Debug|Any CPU.Build.0 = Debug|Any CPU
		{572A7A10-0E1E-4B73-8CE2-76DCE8CE7F86}.Release|Any CPU.ActiveCfg = Release|Any CPU
		{572A7A10-0E1E-4B73-8CE2-76DCE8CE7F86}.Release|Any CPU.Build.0 = Release|Any CPU
		{6E7BF730-F09D-4204-AE96-847297168590}.Debug|Any CPU.ActiveCfg = Debug|Any CPU
		{6E7BF730-F09D-4204-AE96-847297168590}.Debug|Any CPU.Build.0 = Debug|Any CPU
		{6E7BF730-F09D-4204-AE96-847297168590}.Release|Any CPU.ActiveCfg = Release|Any CPU
		{6E7BF730-F09D-4204-AE96-847297168590}.Release|Any CPU.Build.0 = Release|Any CPU
		{F0447F2A-2031-49AE-8427-7FCEFEC2D04B}.Debug|Any CPU.ActiveCfg = Debug|Any CPU
		{F0447F2A-2031-49AE-8427-7FCEFEC2D04B}.Debug|Any CPU.Build.0 = Debug|Any CPU
		{F0447F2A-2031-49AE-8427-7FCEFEC2D04B}.Release|Any CPU.ActiveCfg = Release|Any CPU
		{F0447F2A-2031-49AE-8427-7FCEFEC2D04B}.Release|Any CPU.Build.0 = Release|Any CPU
	EndGlobalSection
	GlobalSection(SolutionProperties) = preSolution
		HideSolutionNode = FALSE
	EndGlobalSection
	GlobalSection(ExtensibilityGlobals) = postSolution
		SolutionGuid = {335C325D-5B4D-4085-9C01-61977927E344}
	EndGlobalSection
EndGlobal
